
Microsoft Visual Studio Solution File, Format Version 12.00
# Visual Studio Version 17
VisualStudioVersion = 17.3.32929.385
MinimumVisualStudioVersion = 10.0.40219.1
Project("{9A19103F-16F7-4668-BE54-9A1E7A4F7556}") = "Task1", "IvaGrueva_CourseWork_PRS\Task1.csproj", "{BC4696B6-3838-4246-BA26-DBBAA2EC1520}"
EndProject
Project("{9A19103F-16F7-4668-BE54-9A1E7A4F7556}") = "Task2", "Task2\Task2.csproj", "{693D1C8E-4CE0-4295-BA35-ACA919131829}"
EndProject
Project("{9A19103F-16F7-4668-BE54-9A1E7A4F7556}") = "ClientApp", "ClientApp\ClientApp.csproj", "{FA7F730C-A6F2-4392-A498-2E0A3F7AA0A2}"
EndProject
Global
	GlobalSection(SolutionConfigurationPlatforms) = preSolution
		Debug|Any CPU = Debug|Any CPU
		Release|Any CPU = Release|Any CPU
	EndGlobalSection
	GlobalSection(ProjectConfigurationPlatforms) = postSolution
		{BC4696B6-3838-4246-BA26-DBBAA2EC1520}.Debug|Any CPU.ActiveCfg = Debug|Any CPU
		{BC4696B6-3838-4246-BA26-DBBAA2EC1520}.Debug|Any CPU.Build.0 = Debug|Any CPU
		{BC4696B6-3838-4246-BA26-DBBAA2EC1520}.Release|Any CPU.ActiveCfg = Release|Any CPU
		{BC4696B6-3838-4246-BA26-DBBAA2EC1520}.Release|Any CPU.Build.0 = Release|Any CPU
		{693D1C8E-4CE0-4295-BA35-ACA919131829}.Debug|Any CPU.ActiveCfg = Debug|Any CPU
		{693D1C8E-4CE0-4295-BA35-ACA919131829}.Debug|Any CPU.Build.0 = Debug|Any CPU
		{693D1C8E-4CE0-4295-BA35-ACA919131829}.Release|Any CPU.ActiveCfg = Release|Any CPU
		{693D1C8E-4CE0-4295-BA35-ACA919131829}.Release|Any CPU.Build.0 = Release|Any CPU
		{FA7F730C-A6F2-4392-A498-2E0A3F7AA0A2}.Debug|Any CPU.ActiveCfg = Debug|Any CPU
		{FA7F730C-A6F2-4392-A498-2E0A3F7AA0A2}.Debug|Any CPU.Build.0 = Debug|Any CPU
		{FA7F730C-A6F2-4392-A498-2E0A3F7AA0A2}.Release|Any CPU.ActiveCfg = Release|Any CPU
		{FA7F730C-A6F2-4392-A498-2E0A3F7AA0A2}.Release|Any CPU.Build.0 = Release|Any CPU
	EndGlobalSection
	GlobalSection(SolutionProperties) = preSolution
		HideSolutionNode = FALSE
	EndGlobalSection
	GlobalSection(ExtensibilityGlobals) = postSolution
		SolutionGuid = {8293494F-3ED7-4C42-8A72-D29CD78C9A7B}
	EndGlobalSection
EndGlobal
